
Microsoft Visual Studio Solution File, Format Version 12.00
# Visual Studio Version 17
VisualStudioVersion = 17.4.33213.308
MinimumVisualStudioVersion = 10.0.40219.1
Project("{FAE04EC0-301F-11D3-BF4B-00C04F79EFBC}") = "eCommerce", "eCommerce\eCommerce.csproj", "{120B43AE-0378-44C1-9586-056B029F8730}"
EndProject
Global
	GlobalSection(SolutionConfigurationPlatforms) = preSolution
		Debug|Any CPU = Debug|Any CPU
		Release|Any CPU = Release|Any CPU
	EndGlobalSection
	GlobalSection(ProjectConfigurationPlatforms) = postSolution
		{120B43AE-0378-44C1-9586-056B029F8730}.Debug|Any CPU.ActiveCfg = Debug|Any CPU
		{120B43AE-0378-44C1-9586-056B029F8730}.Debug|Any CPU.Build.0 = Debug|Any CPU
		{120B43AE-0378-44C1-9586-056B029F8730}.Release|Any CPU.ActiveCfg = Release|Any CPU
		{120B43AE-0378-44C1-9586-056B029F8730}.Release|Any CPU.Build.0 = Release|Any CPU
	EndGlobalSection
	GlobalSection(SolutionProperties) = preSolution
		HideSolutionNode = FALSE
	EndGlobalSection
	GlobalSection(ExtensibilityGlobals) = postSolution
		SolutionGuid = {6FC700D9-4EE4-4658-955B-7E24595658C0}
	EndGlobalSection
EndGlobal
